
Microsoft Visual Studio Solution File, Format Version 12.00
# Visual Studio Version 17
VisualStudioVersion = 17.0.31919.166
MinimumVisualStudioVersion = 10.0.40219.1
Project("{9A19103F-16F7-4668-BE54-9A1E7A4F7556}") = "Cli", "Cli\Cli.csproj", "{24C6E4D2-083B-48D7-8953-E53EB2A4C2A4}"
EndProject
Project("{9A19103F-16F7-4668-BE54-9A1E7A4F7556}") = "App", "App\App.csproj", "{082F7CD0-4158-4C93-8A7F-5A149FB0C2D9}"
EndProject
Global
	GlobalSection(SolutionConfigurationPlatforms) = preSolution
		Debug|Any CPU = Debug|Any CPU
		Release|Any CPU = Release|Any CPU
	EndGlobalSection
	GlobalSection(ProjectConfigurationPlatforms) = postSolution
		{24C6E4D2-083B-48D7-8953-E53EB2A4C2A4}.Debug|Any CPU.ActiveCfg = Debug|Any CPU
		{24C6E4D2-083B-48D7-8953-E53EB2A4C2A4}.Debug|Any CPU.Build.0 = Debug|Any CPU
		{24C6E4D2-083B-48D7-8953-E53EB2A4C2A4}.Release|Any CPU.ActiveCfg = Release|Any CPU
		{24C6E4D2-083B-48D7-8953-E53EB2A4C2A4}.Release|Any CPU.Build.0 = Release|Any CPU
		{082F7CD0-4158-4C93-8A7F-5A149FB0C2D9}.Debug|Any CPU.ActiveCfg = Debug|Any CPU
		{082F7CD0-4158-4C93-8A7F-5A149FB0C2D9}.Debug|Any CPU.Build.0 = Debug|Any CPU
		{082F7CD0-4158-4C93-8A7F-5A149FB0C2D9}.Release|Any CPU.ActiveCfg = Release|Any CPU
		{082F7CD0-4158-4C93-8A7F-5A149FB0C2D9}.Release|Any CPU.Build.0 = Release|Any CPU
	EndGlobalSection
	GlobalSection(SolutionProperties) = preSolution
		HideSolutionNode = FALSE
	EndGlobalSection
	GlobalSection(ExtensibilityGlobals) = postSolution
		SolutionGuid = {B91469BF-26C6-4859-9252-45ECA38C4ED2}
	EndGlobalSection
EndGlobal
